<?xml version="1.0" encoding="UTF-8" standalone="yes" ?>
<CodeBlocks_project_file>
	<FileVersion major="1" minor="6" />
	<Project>
		<Option title="TraceCollier" />
		<Option pch_mode="2" />
		<Option compiler="gcc" />
		<MakeCommands>
			<Build command="" />
			<CompileFile command="" />
			<Clean command="" />
			<DistClean command="" />
			<AskRebuildNeeded command="" />
			<SilentBuild command=" &gt; $(CMD_NULL)" />
		</MakeCommands>
		<Build>
			<Target title="32bit Debug">
				<Option output="bin/Debug32/TraceCollier" prefix_auto="1" extension_auto="1" />
				<Option object_output="obj/Debug32/" />
				<Option type="1" />
				<Option compiler="gnu_gcc_32_bit_compiler" />
				<Option parameters='-p=30 -d=10 -v &quot;C:\Users\hisg494\Downloads\Trace Files\UKMISDEV1_ora_ 28573912_NORMAN.trc&quot;' />
				<Compiler>
					<Add option="-g" />
				</Compiler>
			</Target>
			<Target title="32bit Release">
				<Option output="bin/Release32/TraceCollier" prefix_auto="1" extension_auto="1" />
				<Option object_output="obj/Release32/" />
				<Option type="1" />
				<Option compiler="gnu_gcc_32_bit_compiler" />
				<Compiler>
					<Add option="-O2" />
				</Compiler>
				<Linker>
					<Add option="-s" />
				</Linker>
			</Target>
			<Target title="64bit Debug">
				<Option output="bin/Debug64/TraceCollier" prefix_auto="1" extension_auto="1" />
				<Option object_output="obj/Debug64/" />
				<Option type="1" />
				<Option compiler="gcc" />
				<Option parameters='-p=30 -d=10 -v &quot;C:\Users\hisg494\Downloads\Trace Files\UKMISDEV1_ora_ 28573912_NORMAN.trc&quot;' />
				<Compiler>
					<Add option="-g" />
				</Compiler>
			</Target>
			<Target title="64bit Release">
				<Option output="bin/Release64/TraceCollier" prefix_auto="1" extension_auto="1" />
				<Option object_output="obj/Release64/" />
				<Option type="1" />
				<Option compiler="gcc" />
				<Compiler>
					<Add option="-O2" />
				</Compiler>
				<Linker>
					<Add option="-s" />
				</Linker>
			</Target>
		</Build>
		<Compiler>
			<Add option="-std=c++14" />
		</Compiler>
		<Unit filename="TraceCollier/TraceCollier.cpp" />
		<Unit filename="TraceCollier/TraceCollier.css" />
		<Unit filename="TraceCollier/TraceCollier.h" />
		<Unit filename="TraceCollier/css.h" />
		<Unit filename="TraceCollier/favicon.h" />
		<Unit filename="TraceCollier/gnu.h" />
		<Unit filename="TraceCollier/parseBinds.cpp" />
		<Unit filename="TraceCollier/parseClose.cpp" />
		<Unit filename="TraceCollier/parseDeadlock.cpp" />
		<Unit filename="TraceCollier/parseError.cpp" />
		<Unit filename="TraceCollier/parseExec.cpp" />
		<Unit filename="TraceCollier/parseParse.cpp" />
		<Unit filename="TraceCollier/parseParseError.cpp" />
		<Unit filename="TraceCollier/parseParsing.cpp" />
		<Unit filename="TraceCollier/parseStat.cpp" />
		<Unit filename="TraceCollier/parseXctend.cpp" />
		<Unit filename="TraceCollier/tmbind.cpp" />
		<Unit filename="TraceCollier/tmbind.h" />
		<Unit filename="TraceCollier/tmcursor.cpp" />
		<Unit filename="TraceCollier/tmcursor.h" />
		<Unit filename="TraceCollier/tmoptions.cpp" />
		<Unit filename="TraceCollier/tmoptions.h" />
		<Unit filename="TraceCollier/tmtracefile.cpp" />
		<Unit filename="TraceCollier/tmtracefile.h" />
		<Unit filename="TraceCollier/utilities.cpp" />
		<Unit filename="TraceCollier/utilities.h" />
		<Extensions>
			<code_completion />
			<envvars />
			<debugger />
			<lib_finder disable_auto="1" />
		</Extensions>
	</Project>
</CodeBlocks_project_file>
