<?xml version="1.0" encoding="UTF-8" standalone="yes" ?>
<CodeBlocks_project_file>
	<FileVersion major="1" minor="6" />
	<Project>
		<Option title="TraceCollier" />
		<Option pch_mode="2" />
		<Option compiler="bcc" />
		<Build>
			<Target title="Release">
				<Option output="bin/Release/TraceCollier" prefix_auto="1" extension_auto="1" />
				<Option object_output="obj/Release/" />
				<Option type="1" />
				<Option compiler="bcc" />
				<Option parameters='&quot;c:\sourcecode\cfg_ora_4248.trc&quot; --verbose  --depth=1 --pagesize=20' />
				<Compiler>
					<Add option="-O2" />
				</Compiler>
			</Target>
		</Build>
		<Compiler>
			<Add option="-w" />
			<Add option="-x" />
		</Compiler>
		<Linker>
			<Add library="cw32mt.lib" />
			<Add library="import32.lib" />
		</Linker>
		<Unit filename="TraceCollier.cpp" />
		<Unit filename="TraceCollier.h" />
		<Unit filename="css.h" />
		<Unit filename="favicon.h" />
		<Unit filename="gnu.h" />
		<Unit filename="parseBinds.cpp" />
		<Unit filename="parseClose.cpp" />
		<Unit filename="parseError.cpp" />
		<Unit filename="parseExec.cpp" />
		<Unit filename="parseParse.cpp" />
		<Unit filename="parseParseError.cpp" />
		<Unit filename="parseParsing.cpp" />
		<Unit filename="parseStat.cpp" />
		<Unit filename="parseXctend.cpp" />
		<Unit filename="tmbind.cpp" />
		<Unit filename="tmbind.h" />
		<Unit filename="tmcursor.cpp" />
		<Unit filename="tmcursor.h" />
		<Unit filename="tmoptions.cpp" />
		<Unit filename="tmoptions.h" />
		<Unit filename="tmtracefile.cpp" />
		<Unit filename="tmtracefile.h" />
		<Unit filename="utilities.cpp" />
		<Unit filename="utilities.h" />
		<Extensions>
			<code_completion />
			<envvars />
			<debugger />
			<lib_finder disable_auto="1" />
			<DoxyBlocks>
				<comment_style block="0" line="0" />
				<doxyfile_project />
				<doxyfile_build />
				<doxyfile_warnings />
				<doxyfile_output latex="1" />
				<doxyfile_dot class_diagrams="1" have_dot="1" />
				<general use_at_in_tags="1" />
			</DoxyBlocks>
		</Extensions>
	</Project>
</CodeBlocks_project_file>
